{
  "object": {
    "pins": [
      {
        "package": "realm-core",
        "repositoryURL": "https://github.com/realm/realm-core",
        "state": {
          "branch": "v11.0.4",
          "revision": "95da0df7815d7cbaff14ed5e8b73fe4c2a992816",
          "version": null
        }
      }
    ]
  },
  "version": 1
}
